
Microsoft Visual Studio Solution File, Format Version 12.00
# Visual Studio Version 16
VisualStudioVersion = 16.0.809.8
MinimumVisualStudioVersion = 10.0.40219.1
Project("{FAE04EC0-301F-11D3-BF4B-00C04F79EFBC}") = "DDK", "DDK\DDK.csproj", "{03D97E0A-4DF9-4E5A-A6FE-753B2AD5E58A}"
EndProject
Global
	GlobalSection(SolutionConfigurationPlatforms) = preSolution
		Debug|Any CPU = Debug|Any CPU
		Release|Any CPU = Release|Any CPU
	EndGlobalSection
	GlobalSection(ProjectConfigurationPlatforms) = postSolution
		{03D97E0A-4DF9-4E5A-A6FE-753B2AD5E58A}.Debug|Any CPU.ActiveCfg = Debug|Any CPU
		{03D97E0A-4DF9-4E5A-A6FE-753B2AD5E58A}.Debug|Any CPU.Build.0 = Debug|Any CPU
		{03D97E0A-4DF9-4E5A-A6FE-753B2AD5E58A}.Release|Any CPU.ActiveCfg = Release|Any CPU
		{03D97E0A-4DF9-4E5A-A6FE-753B2AD5E58A}.Release|Any CPU.Build.0 = Release|Any CPU
	EndGlobalSection
	GlobalSection(SolutionProperties) = preSolution
		HideSolutionNode = FALSE
	EndGlobalSection
	GlobalSection(ExtensibilityGlobals) = postSolution
		SolutionGuid = {0F21A9B7-00C8-4487-ACAD-71DE0C8C0377}
	EndGlobalSection
EndGlobal
